
Microsoft Visual Studio Solution File, Format Version 12.00
# Visual Studio Version 17
VisualStudioVersion = 17.14.36221.1 d17.14
MinimumVisualStudioVersion = 10.0.40219.1
Project("{FAE04EC0-301F-11D3-BF4B-00C04F79EFBC}") = "D3 Task Linq&EF", "D3 Task Linq&EF\D3 Task Linq&EF.csproj", "{1EE694E1-A369-4743-B3B0-3DF054397F79}"
EndProject
Global
	GlobalSection(SolutionConfigurationPlatforms) = preSolution
		Debug|Any CPU = Debug|Any CPU
		Release|Any CPU = Release|Any CPU
	EndGlobalSection
	GlobalSection(ProjectConfigurationPlatforms) = postSolution
		{1EE694E1-A369-4743-B3B0-3DF054397F79}.Debug|Any CPU.ActiveCfg = Debug|Any CPU
		{1EE694E1-A369-4743-B3B0-3DF054397F79}.Debug|Any CPU.Build.0 = Debug|Any CPU
		{1EE694E1-A369-4743-B3B0-3DF054397F79}.Release|Any CPU.ActiveCfg = Release|Any CPU
		{1EE694E1-A369-4743-B3B0-3DF054397F79}.Release|Any CPU.Build.0 = Release|Any CPU
	EndGlobalSection
	GlobalSection(SolutionProperties) = preSolution
		HideSolutionNode = FALSE
	EndGlobalSection
	GlobalSection(ExtensibilityGlobals) = postSolution
		SolutionGuid = {9272EF1B-4DAD-439A-9816-54F0A4C97B43}
	EndGlobalSection
EndGlobal
