
Microsoft Visual Studio Solution File, Format Version 12.00
# Visual Studio Version 17
VisualStudioVersion = 17.14.36221.1 d17.14
MinimumVisualStudioVersion = 10.0.40219.1
Project("{FAE04EC0-301F-11D3-BF4B-00C04F79EFBC}") = "D7 MVC Task", "D7 MVC Task\D7 MVC Task.csproj", "{7E79C072-3E8C-488C-9EEA-08347DAA1B0C}"
EndProject
Project("{FAE04EC0-301F-11D3-BF4B-00C04F79EFBC}") = "Core", "Core\Core.csproj", "{517F99C7-1624-40CA-BC99-00F1D8ADE2EB}"
EndProject
Project("{FAE04EC0-301F-11D3-BF4B-00C04F79EFBC}") = "Infrastructure", "Infrastructure\Infrastructure.csproj", "{32C73AE6-6D82-46C8-93EA-8199A99C2EB8}"
EndProject
Global
	GlobalSection(SolutionConfigurationPlatforms) = preSolution
		Debug|Any CPU = Debug|Any CPU
		Release|Any CPU = Release|Any CPU
	EndGlobalSection
	GlobalSection(ProjectConfigurationPlatforms) = postSolution
		{7E79C072-3E8C-488C-9EEA-08347DAA1B0C}.Debug|Any CPU.ActiveCfg = Debug|Any CPU
		{7E79C072-3E8C-488C-9EEA-08347DAA1B0C}.Debug|Any CPU.Build.0 = Debug|Any CPU
		{7E79C072-3E8C-488C-9EEA-08347DAA1B0C}.Release|Any CPU.ActiveCfg = Release|Any CPU
		{7E79C072-3E8C-488C-9EEA-08347DAA1B0C}.Release|Any CPU.Build.0 = Release|Any CPU
		{517F99C7-1624-40CA-BC99-00F1D8ADE2EB}.Debug|Any CPU.ActiveCfg = Debug|Any CPU
		{517F99C7-1624-40CA-BC99-00F1D8ADE2EB}.Debug|Any CPU.Build.0 = Debug|Any CPU
		{517F99C7-1624-40CA-BC99-00F1D8ADE2EB}.Release|Any CPU.ActiveCfg = Release|Any CPU
		{517F99C7-1624-40CA-BC99-00F1D8ADE2EB}.Release|Any CPU.Build.0 = Release|Any CPU
		{32C73AE6-6D82-46C8-93EA-8199A99C2EB8}.Debug|Any CPU.ActiveCfg = Debug|Any CPU
		{32C73AE6-6D82-46C8-93EA-8199A99C2EB8}.Debug|Any CPU.Build.0 = Debug|Any CPU
		{32C73AE6-6D82-46C8-93EA-8199A99C2EB8}.Release|Any CPU.ActiveCfg = Release|Any CPU
		{32C73AE6-6D82-46C8-93EA-8199A99C2EB8}.Release|Any CPU.Build.0 = Release|Any CPU
	EndGlobalSection
	GlobalSection(SolutionProperties) = preSolution
		HideSolutionNode = FALSE
	EndGlobalSection
	GlobalSection(ExtensibilityGlobals) = postSolution
		SolutionGuid = {36BE216F-1545-46FF-A6D2-80C8D0B75B99}
	EndGlobalSection
EndGlobal
