
Microsoft Visual Studio Solution File, Format Version 12.00
# Visual Studio Version 17
VisualStudioVersion = 17.14.36221.1 d17.14
MinimumVisualStudioVersion = 10.0.40219.1
Project("{FAE04EC0-301F-11D3-BF4B-00C04F79EFBC}") = "D4TaskC#", "D4TaskC#\D4TaskC#.csproj", "{BA9B81ED-E645-43BD-9574-377402E3614B}"
EndProject
Global
	GlobalSection(SolutionConfigurationPlatforms) = preSolution
		Debug|Any CPU = Debug|Any CPU
		Release|Any CPU = Release|Any CPU
	EndGlobalSection
	GlobalSection(ProjectConfigurationPlatforms) = postSolution
		{BA9B81ED-E645-43BD-9574-377402E3614B}.Debug|Any CPU.ActiveCfg = Debug|Any CPU
		{BA9B81ED-E645-43BD-9574-377402E3614B}.Debug|Any CPU.Build.0 = Debug|Any CPU
		{BA9B81ED-E645-43BD-9574-377402E3614B}.Release|Any CPU.ActiveCfg = Release|Any CPU
		{BA9B81ED-E645-43BD-9574-377402E3614B}.Release|Any CPU.Build.0 = Release|Any CPU
	EndGlobalSection
	GlobalSection(SolutionProperties) = preSolution
		HideSolutionNode = FALSE
	EndGlobalSection
	GlobalSection(ExtensibilityGlobals) = postSolution
		SolutionGuid = {D07E8A02-6B1D-47B4-9DD9-DAA5FC55EF9D}
	EndGlobalSection
EndGlobal
